
Microsoft Visual Studio Solution File, Format Version 12.00
# Visual Studio 14
VisualStudioVersion = 14.0.25420.1
MinimumVisualStudioVersion = 10.0.40219.1
Project("{FAE04EC0-301F-11D3-BF4B-00C04F79EFBC}") = "Hotel.Data", "Hotel.Data\Hotel.Data.csproj", "{43D1B05C-8E32-490B-917D-573F85D1E07A}"
EndProject
Project("{FAE04EC0-301F-11D3-BF4B-00C04F79EFBC}") = "Hotel.Service", "Hotel.Service\Hotel.Service.csproj", "{F8E7A6FE-22D1-455E-A2FC-48927795656D}"
EndProject
Project("{FAE04EC0-301F-11D3-BF4B-00C04F79EFBC}") = "Hotel.Web", "Hotel.Web\Hotel.Web.csproj", "{D95570F8-AAA3-4C6C-BD1A-0BAD4F684939}"
EndProject
Project("{FAE04EC0-301F-11D3-BF4B-00C04F79EFBC}") = "Hotel.Test", "Hotel.Test\Hotel.Test.csproj", "{2C36EAD6-FB38-4F7A-80CE-1E8BF6942BDB}"
EndProject
Project("{FAE04EC0-301F-11D3-BF4B-00C04F79EFBC}") = "ADONet", "ADONet\ADONet.csproj", "{5AC69813-F8DF-401C-9AB1-AC7D56B8BEC1}"
EndProject
Global
	GlobalSection(SolutionConfigurationPlatforms) = preSolution
		Debug|Any CPU = Debug|Any CPU
		Release|Any CPU = Release|Any CPU
	EndGlobalSection
	GlobalSection(ProjectConfigurationPlatforms) = postSolution
		{43D1B05C-8E32-490B-917D-573F85D1E07A}.Debug|Any CPU.ActiveCfg = Debug|Any CPU
		{43D1B05C-8E32-490B-917D-573F85D1E07A}.Debug|Any CPU.Build.0 = Debug|Any CPU
		{43D1B05C-8E32-490B-917D-573F85D1E07A}.Release|Any CPU.ActiveCfg = Release|Any CPU
		{43D1B05C-8E32-490B-917D-573F85D1E07A}.Release|Any CPU.Build.0 = Release|Any CPU
		{F8E7A6FE-22D1-455E-A2FC-48927795656D}.Debug|Any CPU.ActiveCfg = Debug|Any CPU
		{F8E7A6FE-22D1-455E-A2FC-48927795656D}.Debug|Any CPU.Build.0 = Debug|Any CPU
		{F8E7A6FE-22D1-455E-A2FC-48927795656D}.Release|Any CPU.ActiveCfg = Release|Any CPU
		{F8E7A6FE-22D1-455E-A2FC-48927795656D}.Release|Any CPU.Build.0 = Release|Any CPU
		{D95570F8-AAA3-4C6C-BD1A-0BAD4F684939}.Debug|Any CPU.ActiveCfg = Debug|Any CPU
		{D95570F8-AAA3-4C6C-BD1A-0BAD4F684939}.Debug|Any CPU.Build.0 = Debug|Any CPU
		{D95570F8-AAA3-4C6C-BD1A-0BAD4F684939}.Release|Any CPU.ActiveCfg = Release|Any CPU
		{D95570F8-AAA3-4C6C-BD1A-0BAD4F684939}.Release|Any CPU.Build.0 = Release|Any CPU
		{2C36EAD6-FB38-4F7A-80CE-1E8BF6942BDB}.Debug|Any CPU.ActiveCfg = Debug|Any CPU
		{2C36EAD6-FB38-4F7A-80CE-1E8BF6942BDB}.Debug|Any CPU.Build.0 = Debug|Any CPU
		{2C36EAD6-FB38-4F7A-80CE-1E8BF6942BDB}.Release|Any CPU.ActiveCfg = Release|Any CPU
		{2C36EAD6-FB38-4F7A-80CE-1E8BF6942BDB}.Release|Any CPU.Build.0 = Release|Any CPU
		{5AC69813-F8DF-401C-9AB1-AC7D56B8BEC1}.Debug|Any CPU.ActiveCfg = Debug|Any CPU
		{5AC69813-F8DF-401C-9AB1-AC7D56B8BEC1}.Debug|Any CPU.Build.0 = Debug|Any CPU
		{5AC69813-F8DF-401C-9AB1-AC7D56B8BEC1}.Release|Any CPU.ActiveCfg = Release|Any CPU
		{5AC69813-F8DF-401C-9AB1-AC7D56B8BEC1}.Release|Any CPU.Build.0 = Release|Any CPU
	EndGlobalSection
	GlobalSection(SolutionProperties) = preSolution
		HideSolutionNode = FALSE
	EndGlobalSection
EndGlobal
